// !$*UTF8*$!
{
	archiveVersion = 1;
	classes = {
	};
	objectVersion = 50;
	objects = {

/* Begin PBXBuildFile section */
		5BA9B4E92314F0D5000655C6 /* AppDelegate.swift in Sources */ = {isa = PBXBuildFile; fileRef = 5BA9B4E82314F0D5000655C6 /* AppDelegate.swift */; };
		5BA9B4EB2314F0D5000655C6 /* ViewController.swift in Sources */ = {isa = PBXBuildFile; fileRef = 5BA9B4EA2314F0D5000655C6 /* ViewController.swift */; };
		5BA9B4EE2314F0D5000655C6 /* Main.storyboard in Resources */ = {isa = PBXBuildFile; fileRef = 5BA9B4EC2314F0D5000655C6 /* Main.storyboard */; };
		5BA9B4F02314F0D5000655C6 /* Assets.xcassets in Resources */ = {isa = PBXBuildFile; fileRef = 5BA9B4EF2314F0D5000655C6 /* Assets.xcassets */; };
		5BA9B4F32314F0D5000655C6 /* LaunchScreen.storyboard in Resources */ = {isa = PBXBuildFile; fileRef = 5BA9B4F12314F0D5000655C6 /* LaunchScreen.storyboard */; };
		8E777557B4F0F59FF7BD4E91 /* Pods_ios_sample_x.framework in Frameworks */ = {isa = PBXBuildFile; fileRef = 92E61B6A38D6E305FFD42B2C /* Pods_ios_sample_x.framework */; };
/* End PBXBuildFile section */

/* Begin PBXFileReference section */
		5BA9B4E52314F0D5000655C6 /* ios-sample-x.app */ = {isa = PBXFileReference; explicitFileType = wrapper.application; includeInIndex = 0; path = "ios-sample-x.app"; sourceTree = BUILT_PRODUCTS_DIR; };
		5BA9B4E82314F0D5000655C6 /* AppDelegate.swift */ = {isa = PBXFileReference; lastKnownFileType = sourcecode.swift; path = AppDelegate.swift; sourceTree = "<group>"; };
		5BA9B4EA2314F0D5000655C6 /* ViewController.swift */ = {isa = PBXFileReference; lastKnownFileType = sourcecode.swift; path = ViewController.swift; sourceTree = "<group>"; };
		5BA9B4ED2314F0D5000655C6 /* Base */ = {isa = PBXFileReference; lastKnownFileType = file.storyboard; name = Base; path = Base.lproj/Main.storyboard; sourceTree = "<group>"; };
		5BA9B4EF2314F0D5000655C6 /* Assets.xcassets */ = {isa = PBXFileReference; lastKnownFileType = folder.assetcatalog; path = Assets.xcassets; sourceTree = "<group>"; };
		5BA9B4F22314F0D5000655C6 /* Base */ = {isa = PBXFileReference; lastKnownFileType = file.storyboard; name = Base; path = Base.lproj/LaunchScreen.storyboard; sourceTree = "<group>"; };
		5BA9B4F42314F0D5000655C6 /* Info.plist */ = {isa = PBXFileReference; lastKnownFileType = text.plist.xml; path = Info.plist; sourceTree = "<group>"; };
		92E61B6A38D6E305FFD42B2C /* Pods_ios_sample_x.framework */ = {isa = PBXFileReference; explicitFileType = wrapper.framework; includeInIndex = 0; path = Pods_ios_sample_x.framework; sourceTree = BUILT_PRODUCTS_DIR; };
		B4AF0D910685E76B8F5CE5BA /* Pods-ios-sample-x.release.xcconfig */ = {isa = PBXFileReference; includeInIndex = 1; lastKnownFileType = text.xcconfig; name = "Pods-ios-sample-x.release.xcconfig"; path = "Target Support Files/Pods-ios-sample-x/Pods-ios-sample-x.release.xcconfig"; sourceTree = "<group>"; };
		C123963A817830ECF530576C /* Pods-ios-sample-x.debug.xcconfig */ = {isa = PBXFileReference; includeInIndex = 1; lastKnownFileType = text.xcconfig; name = "Pods-ios-sample-x.debug.xcconfig"; path = "Target Support Files/Pods-ios-sample-x/Pods-ios-sample-x.debug.xcconfig"; sourceTree = "<group>"; };
/* End PBXFileReference section */

/* Begin PBXFrameworksBuildPhase section */
		5BA9B4E22314F0D5000655C6 /* Frameworks */ = {
			isa = PBXFrameworksBuildPhase;
			buildActionMask = 2147483647;
			files = (
				8E777557B4F0F59FF7BD4E91 /* Pods_ios_sample_x.framework in Frameworks */,
			);
			runOnlyForDeploymentPostprocessing = 0;
		};
/* End PBXFrameworksBuildPhase section */

/* Begin PBXGroup section */
		5BA9B4DC2314F0D5000655C6 = {
			isa = PBXGroup;
			children = (
				5BA9B4E72314F0D5000655C6 /* ios-sample-x */,
				5BA9B4E62314F0D5000655C6 /* Products */,
				7D7BBAA9E914517A8D35482B /* Pods */,
				AA2537F079C05FF85252BC50 /* Frameworks */,
			);
			sourceTree = "<group>";
		};
		5BA9B4E62314F0D5000655C6 /* Products */ = {
			isa = PBXGroup;
			children = (
				5BA9B4E52314F0D5000655C6 /* ios-sample-x.app */,
			);
			name = Products;
			sourceTree = "<group>";
		};
		5BA9B4E72314F0D5000655C6 /* ios-sample-x */ = {
			isa = PBXGroup;
			children = (
				5BA9B4E82314F0D5000655C6 /* AppDelegate.swift */,
				5BA9B4EA2314F0D5000655C6 /* ViewController.swift */,
				5BA9B4EC2314F0D5000655C6 /* Main.storyboard */,
				5BA9B4EF2314F0D5000655C6 /* Assets.xcassets */,
				5BA9B4F12314F0D5000655C6 /* LaunchScreen.storyboard */,
				5BA9B4F42314F0D5000655C6 /* Info.plist */,
			);
			path = "ios-sample-x";
			sourceTree = "<group>";
		};
		7D7BBAA9E914517A8D35482B /* Pods */ = {
			isa = PBXGroup;
			children = (
				C123963A817830ECF530576C /* Pods-ios-sample-x.debug.xcconfig */,
				B4AF0D910685E76B8F5CE5BA /* Pods-ios-sample-x.release.xcconfig */,
			);
			name = Pods;
			path = Pods;
			sourceTree = "<group>";
		};
		AA2537F079C05FF85252BC50 /* Frameworks */ = {
			isa = PBXGroup;
			children = (
				92E61B6A38D6E305FFD42B2C /* Pods_ios_sample_x.framework */,
			);
			name = Frameworks;
			sourceTree = "<group>";
		};
/* End PBXGroup section */

/* Begin PBXNativeTarget section */
		5BA9B4E42314F0D5000655C6 /* ios-sample-x */ = {
			isa = PBXNativeTarget;
			buildConfigurationList = 5BA9B4F72314F0D5000655C6 /* Build configuration list for PBXNativeTarget "ios-sample-x" */;
			buildPhases = (
				4B2701F69F76B04E61138AA9 /* [CP] Check Pods Manifest.lock */,
				5BA9B4E12314F0D5000655C6 /* Sources */,
				5BA9B4E22314F0D5000655C6 /* Frameworks */,
				5BA9B4E32314F0D5000655C6 /* Resources */,
			);
			buildRules = (
			);
			dependencies = (
			);
			name = "ios-sample-x";
			productName = "ios-sample-x";
			productReference = 5BA9B4E52314F0D5000655C6 /* ios-sample-x.app */;
			productType = "com.apple.product-type.application";
		};
/* End PBXNativeTarget section */

/* Begin PBXProject section */
		5BA9B4DD2314F0D5000655C6 /* Project object */ = {
			isa = PBXProject;
			attributes = {
				LastSwiftUpdateCheck = 1030;
				LastUpgradeCheck = 1030;
				ORGANIZATIONNAME = Koganezawa;
				TargetAttributes = {
					5BA9B4E42314F0D5000655C6 = {
						CreatedOnToolsVersion = 10.3;
					};
				};
			};
			buildConfigurationList = 5BA9B4E02314F0D5000655C6 /* Build configuration list for PBXProject "ios-sample-x" */;
			compatibilityVersion = "Xcode 9.3";
			developmentRegion = en;
			hasScannedForEncodings = 0;
			knownRegions = (
				en,
				Base,
			);
			mainGroup = 5BA9B4DC2314F0D5000655C6;
			productRefGroup = 5BA9B4E62314F0D5000655C6 /* Products */;
			projectDirPath = "";
			projectRoot = "";
			targets = (
				5BA9B4E42314F0D5000655C6 /* ios-sample-x */,
			);
		};
/* End PBXProject section */

/* Begin PBXResourcesBuildPhase section */
		5BA9B4E32314F0D5000655C6 /* Resources */ = {
			isa = PBXResourcesBuildPhase;
			buildActionMask = 2147483647;
			files = (
				5BA9B4F32314F0D5000655C6 /* LaunchScreen.storyboard in Resources */,
				5BA9B4F02314F0D5000655C6 /* Assets.xcassets in Resources */,
				5BA9B4EE2314F0D5000655C6 /* Main.storyboard in Resources */,
			);
			runOnlyForDeploymentPostprocessing = 0;
		};
/* End PBXResourcesBuildPhase section */

/* Begin PBXShellScriptBuildPhase section */
		4B2701F69F76B04E61138AA9 /* [CP] Check Pods Manifest.lock */ = {
			isa = PBXShellScriptBuildPhase;
			buildActionMask = 2147483647;
			files = (
			);
			inputFileListPaths = (
			);
			inputPaths = (
				"${PODS_PODFILE_DIR_PATH}/Podfile.lock",
				"${PODS_ROOT}/Manifest.lock",
			);
			name = "[CP] Check Pods Manifest.lock";
			outputFileListPaths = (
			);
			outputPaths = (
				"$(DERIVED_FILE_DIR)/Pods-ios-sample-x-checkManifestLockResult.txt",
			);
			runOnlyForDeploymentPostprocessing = 0;
			shellPath = /bin/sh;
			shellScript = "diff \"${PODS_PODFILE_DIR_PATH}/Podfile.lock\" \"${PODS_ROOT}/Manifest.lock\" > /dev/null\nif [ $? != 0 ] ; then\n    # print error to STDERR\n    echo \"error: The sandbox is not in sync with the Podfile.lock. Run 'pod install' or update your CocoaPods installation.\" >&2\n    exit 1\nfi\n# This output is used by Xcode 'outputs' to avoid re-running this script phase.\necho \"SUCCESS\" > \"${SCRIPT_OUTPUT_FILE_0}\"\n";
			showEnvVarsInLog = 0;
		};
/* End PBXShellScriptBuildPhase section */

/* Begin PBXSourcesBuildPhase section */
		5BA9B4E12314F0D5000655C6 /* Sources */ = {
			isa = PBXSourcesBuildPhase;
			buildActionMask = 2147483647;
			files = (
				5BA9B4EB2314F0D5000655C6 /* ViewController.swift in Sources */,
				5BA9B4E92314F0D5000655C6 /* AppDelegate.swift in Sources */,
			);
			runOnlyForDeploymentPostprocessing = 0;
		};
/* End PBXSourcesBuildPhase section */

/* Begin PBXVariantGroup section */
		5BA9B4EC2314F0D5000655C6 /* Main.storyboard */ = {
			isa = PBXVariantGroup;
			children = (
				5BA9B4ED2314F0D5000655C6 /* Base */,
			);
			name = Main.storyboard;
			sourceTree = "<group>";
		};
		5BA9B4F12314F0D5000655C6 /* LaunchScreen.storyboard */ = {
			isa = PBXVariantGroup;
			children = (
				5BA9B4F22314F0D5000655C6 /* Base */,
			);
			name = LaunchScreen.storyboard;
			sourceTree = "<group>";
		};
/* End PBXVariantGroup section */

/* Begin XCBuildConfiguration section */
		5BA9B4F52314F0D5000655C6 /* Debug */ = {
			isa = XCBuildConfiguration;
			buildSettings = {
				ALWAYS_SEARCH_USER_PATHS = NO;
				CLANG_ANALYZER_NONNULL = YES;
				CLANG_ANALYZER_NUMBER_OBJECT_CONVERSION = YES_AGGRESSIVE;
				CLANG_CXX_LANGUAGE_STANDARD = "gnu++14";
				CLANG_CXX_LIBRARY = "libc++";
				CLANG_ENABLE_MODULES = YES;
				CLANG_ENABLE_OBJC_ARC = YES;
				CLANG_ENABLE_OBJC_WEAK = YES;
				CLANG_WARN_BLOCK_CAPTURE_AUTORELEASING = YES;
				CLANG_WARN_BOOL_CONVERSION = YES;
				CLANG_WARN_COMMA = YES;
				CLANG_WARN_CONSTANT_CONVERSION = YES;
				CLANG_WARN_DEPRECATED_OBJC_IMPLEMENTATIONS = YES;
				CLANG_WARN_DIRECT_OBJC_ISA_USAGE = YES_ERROR;
				CLANG_WARN_DOCUMENTATION_COMMENTS = YES;
				CLANG_WARN_EMPTY_BODY = YES;
				CLANG_WARN_ENUM_CONVERSION = YES;
				CLANG_WARN_INFINITE_RECURSION = YES;
				CLANG_WARN_INT_CONVERSION = YES;
				CLANG_WARN_NON_LITERAL_NULL_CONVERSION = YES;
				CLANG_WARN_OBJC_IMPLICIT_RETAIN_SELF = YES;
				CLANG_WARN_OBJC_LITERAL_CONVERSION = YES;
				CLANG_WARN_OBJC_ROOT_CLASS = YES_ERROR;
				CLANG_WARN_RANGE_LOOP_ANALYSIS = YES;
				CLANG_WARN_STRICT_PROTOTYPES = YES;
				CLANG_WARN_SUSPICIOUS_MOVE = YES;
				CLANG_WARN_UNGUARDED_AVAILABILITY = YES_AGGRESSIVE;
				CLANG_WARN_UNREACHABLE_CODE = YES;
				CLANG_WARN__DUPLICATE_METHOD_MATCH = YES;
				CODE_SIGN_IDENTITY = "iPhone Developer";
				COPY_PHASE_STRIP = NO;
				DEBUG_INFORMATION_FORMAT = dwarf;
				ENABLE_STRICT_OBJC_MSGSEND = YES;
				ENABLE_TESTABILITY = YES;
				GCC_C_LANGUAGE_STANDARD = gnu11;
				GCC_DYNAMIC_NO_PIC = NO;
				GCC_NO_COMMON_BLOCKS = YES;
				GCC_OPTIMIZATION_LEVEL = 0;
				GCC_PREPROCESSOR_DEFINITIONS = (
					"DEBUG=1",
					"$(inherited)",
				);
				GCC_WARN_64_TO_32_BIT_CONVERSION = YES;
				GCC_WARN_ABOUT_RETURN_TYPE = YES_ERROR;
				GCC_WARN_UNDECLARED_SELECTOR = YES;
				GCC_WARN_UNINITIALIZED_AUTOS = YES_AGGRESSIVE;
				GCC_WARN_UNUSED_FUNCTION = YES;
				GCC_WARN_UNUSED_VARIABLE = YES;
				IPHONEOS_DEPLOYMENT_TARGET = 12.4;
				MTL_ENABLE_DEBUG_INFO = INCLUDE_SOURCE;
				MTL_FAST_MATH = YES;
				ONLY_ACTIVE_ARCH = YES;
				SDKROOT = iphoneos;
				SWIFT_ACTIVE_COMPILATION_CONDITIONS = DEBUG;
				SWIFT_OPTIMIZATION_LEVEL = "-Onone";
			};
			name = Debug;
		};
		5BA9B4F62314F0D5000655C6 /* Release */ = {
			isa = XCBuildConfiguration;
			buildSettings = {
				ALWAYS_SEARCH_USER_PATHS = NO;
				CLANG_ANALYZER_NONNULL = YES;
				CLANG_ANALYZER_NUMBER_OBJECT_CONVERSION = YES_AGGRESSIVE;
				CLANG_CXX_LANGUAGE_STANDARD = "gnu++14";
				CLANG_CXX_LIBRARY = "libc++";
				CLANG_ENABLE_MODULES = YES;
				CLANG_ENABLE_OBJC_ARC = YES;
				CLANG_ENABLE_OBJC_WEAK = YES;
				CLANG_WARN_BLOCK_CAPTURE_AUTORELEASING = YES;
				CLANG_WARN_BOOL_CONVERSION = YES;
				CLANG_WARN_COMMA = YES;
				CLANG_WARN_CONSTANT_CONVERSION = YES;
				CLANG_WARN_DEPRECATED_OBJC_IMPLEMENTATIONS = YES;
				CLANG_WARN_DIRECT_OBJC_ISA_USAGE = YES_ERROR;
				CLANG_WARN_DOCUMENTATION_COMMENTS = YES;
				CLANG_WARN_EMPTY_BODY = YES;
				CLANG_WARN_ENUM_CONVERSION = YES;
				CLANG_WARN_INFINITE_RECURSION = YES;
				CLANG_WARN_INT_CONVERSION = YES;
				CLANG_WARN_NON_LITERAL_NULL_CONVERSION = YES;
				CLANG_WARN_OBJC_IMPLICIT_RETAIN_SELF = YES;
				CLANG_WARN_OBJC_LITERAL_CONVERSION = YES;
				CLANG_WARN_OBJC_ROOT_CLASS = YES_ERROR;
				CLANG_WARN_RANGE_LOOP_ANALYSIS = YES;
				CLANG_WARN_STRICT_PROTOTYPES = YES;
				CLANG_WARN_SUSPICIOUS_MOVE = YES;
				CLANG_WARN_UNGUARDED_AVAILABILITY = YES_AGGRESSIVE;
				CLANG_WARN_UNREACHABLE_CODE = YES;
				CLANG_WARN__DUPLICATE_METHOD_MATCH = YES;
				CODE_SIGN_IDENTITY = "iPhone Developer";
				COPY_PHASE_STRIP = NO;
				DEBUG_INFORMATION_FORMAT = "dwarf-with-dsym";
				ENABLE_NS_ASSERTIONS = NO;
				ENABLE_STRICT_OBJC_MSGSEND = YES;
				GCC_C_LANGUAGE_STANDARD = gnu11;
				GCC_NO_COMMON_BLOCKS = YES;
				GCC_WARN_64_TO_32_BIT_CONVERSION = YES;
				GCC_WARN_ABOUT_RETURN_TYPE = YES_ERROR;
				GCC_WARN_UNDECLARED_SELECTOR = YES;
				GCC_WARN_UNINITIALIZED_AUTOS = YES_AGGRESSIVE;
				GCC_WARN_UNUSED_FUNCTION = YES;
				GCC_WARN_UNUSED_VARIABLE = YES;
				IPHONEOS_DEPLOYMENT_TARGET = 12.4;
				MTL_ENABLE_DEBUG_INFO = NO;
				MTL_FAST_MATH = YES;
				SDKROOT = iphoneos;
				SWIFT_COMPILATION_MODE = wholemodule;
				SWIFT_OPTIMIZATION_LEVEL = "-O";
				VALIDATE_PRODUCT = YES;
			};
			name = Release;
		};
		5BA9B4F82314F0D5000655C6 /* Debug */ = {
			isa = XCBuildConfiguration;
			baseConfigurationReference = C123963A817830ECF530576C /* Pods-ios-sample-x.debug.xcconfig */;
			buildSettings = {
				ASSETCATALOG_COMPILER_APPICON_NAME = AppIcon;
				CODE_SIGN_STYLE = Automatic;
				DEVELOPMENT_TEAM = H64788U4QJ;
				INFOPLIST_FILE = "ios-sample-x/Info.plist";
				LD_RUNPATH_SEARCH_PATHS = (
					"$(inherited)",
					"@executable_path/Frameworks",
				);
				PRODUCT_BUNDLE_IDENTIFIER = "com.koganezawa.ios-sample-x";
				PRODUCT_NAME = "$(TARGET_NAME)";
				SWIFT_VERSION = 5.0;
				TARGETED_DEVICE_FAMILY = "1,2";
			};
			name = Debug;
		};
		5BA9B4F92314F0D5000655C6 /* Release */ = {
			isa = XCBuildConfiguration;
			baseConfigurationReference = B4AF0D910685E76B8F5CE5BA /* Pods-ios-sample-x.release.xcconfig */;
			buildSettings = {
				ASSETCATALOG_COMPILER_APPICON_NAME = AppIcon;
				CODE_SIGN_STYLE = Automatic;
				DEVELOPMENT_TEAM = H64788U4QJ;
				INFOPLIST_FILE = "ios-sample-x/Info.plist";
				LD_RUNPATH_SEARCH_PATHS = (
					"$(inherited)",
					"@executable_path/Frameworks",
				);
				PRODUCT_BUNDLE_IDENTIFIER = "com.koganezawa.ios-sample-x";
				PRODUCT_NAME = "$(TARGET_NAME)";
				SWIFT_VERSION = 5.0;
				TARGETED_DEVICE_FAMILY = "1,2";
			};
			name = Release;
		};
/* End XCBuildConfiguration section */

/* Begin XCConfigurationList section */
		5BA9B4E02314F0D5000655C6 /* Build configuration list for PBXProject "ios-sample-x" */ = {
			isa = XCConfigurationList;
			buildConfigurations = (
				5BA9B4F52314F0D5000655C6 /* Debug */,
				5BA9B4F62314F0D5000655C6 /* Release */,
			);
			defaultConfigurationIsVisible = 0;
			defaultConfigurationName = Release;
		};
		5BA9B4F72314F0D5000655C6 /* Build configuration list for PBXNativeTarget "ios-sample-x" */ = {
			isa = XCConfigurationList;
			buildConfigurations = (
				5BA9B4F82314F0D5000655C6 /* Debug */,
				5BA9B4F92314F0D5000655C6 /* Release */,
			);
			defaultConfigurationIsVisible = 0;
			defaultConfigurationName = Release;
		};
/* End XCConfigurationList section */
	};
	rootObject = 5BA9B4DD2314F0D5000655C6 /* Project object */;
}
